lockfileVersion: '9.0'

settings:
  autoInstallPeers: false
  excludeLinksFromLockfile: false

importers:

  .:
    dependencies:
      dsh-univer-office:
        specifier: 0.2.10
        version: 0.2.10

packages:

  '@libsql/darwin-arm64@0.5.29':
    resolution: {integrity: sha512-K+2RIB1OGFPYQbfay48GakLhqf3ArcbHqPFu7EZiaUcRgFcdw8RoltsMyvbj5ix2fY0HV3Q3Ioa/ByvQdaSM0A==}
    cpu: [arm64]
    os: [darwin]

  '@libsql/darwin-x64@0.5.29':
    resolution: {integrity: sha512-OtT+KFHsKFy1R5FVadr8FJ2Bb1mghtXTyJkxv0trocq7NuHntSki1eUbxpO5ezJesDvBlqFjnWaYYY516QNLhQ==}
    cpu: [x64]
    os: [darwin]

  '@libsql/linux-arm-gnueabihf@0.5.29':
    resolution: {integrity: sha512-CD4n4zj7SJTHso4nf5cuMoWoMSS7asn5hHygsDuhRl8jjjCTT3yE+xdUvI4J7zsyb53VO5ISh4cwwOtf6k2UhQ==}
    cpu: [arm]
    os: [linux]

  '@libsql/linux-arm-musleabihf@0.5.29':
    resolution: {integrity: sha512-2Z9qBVpEJV7OeflzIR3+l5yAd4uTOLxklScYTwpZnkm2vDSGlC1PRlueLaufc4EFITkLKXK2MWBpexuNJfMVcg==}
    cpu: [arm]
    os: [linux]

  '@libsql/linux-arm64-gnu@0.5.29':
    resolution: {integrity: sha512-gURBqaiXIGGwFNEaUj8Ldk7Hps4STtG+31aEidCk5evMMdtsdfL3HPCpvys+ZF/tkOs2MWlRWoSq7SOuCE9k3w==}
    cpu: [arm64]
    os: [linux]

  '@libsql/linux-arm64-musl@0.5.29':
    resolution: {integrity: sha512-fwgYZ0H8mUkyVqXZHF3mT/92iIh1N94Owi/f66cPVNsk9BdGKq5gVpoKO+7UxaNzuEH1roJp2QEwsCZMvBLpqg==}
    cpu: [arm64]
    os: [linux]

  '@libsql/linux-x64-gnu@0.5.29':
    resolution: {integrity: sha512-y14V0vY0nmMC6G0pHeJcEarcnGU2H6cm21ZceRkacWHvQAEhAG0latQkCtoS2njFOXiYIg+JYPfAoWKbi82rkg==}
    cpu: [x64]
    os: [linux]

  '@libsql/linux-x64-musl@0.5.29':
    resolution: {integrity: sha512-gquqwA/39tH4pFl+J9n3SOMSymjX+6kZ3kWgY3b94nXFTwac9bnFNMffIomgvlFaC4ArVqMnOZD3nuJ3H3VO1w==}
    cpu: [x64]
    os: [linux]

  '@libsql/win32-x64-msvc@0.5.29':
    resolution: {integrity: sha512-4/0CvEdhi6+KjMxMaVbFM2n2Z44escBRoEYpR+gZg64DdetzGnYm8mcNLcoySaDJZNaBd6wz5DNdgRmcI4hXcg==}
    cpu: [x64]
    os: [win32]

  '@neon-rs/load@0.0.4':
    resolution: {integrity: sha512-kTPhdZyTQxB+2wpiRcFWrDcejc4JI6tkPuS7UZCG4l6Zvc5kU/gGQ/ozvHTh1XR5tS+UlfAfGuPajjzQjCiHCw==}

  '@puppeteer/browsers@3.2.2':
    resolution: {integrity: sha512-q2BU4YfO9h/Wt7IcWPcggpOOqLk2Tbs1hDwolvKZrweRjy751OJBKMN9zO5bfD0pzU7X/tvKw/exQds4pM/LOg==}
    engines: {node: '>=22.12.0'}
    hasBin: true
    peerDependencies:
      proxy-agent: '>=8.0.1'
      yauzl: ^2.10.0 || ^3.4.0
    peerDependenciesMeta:
      proxy-agent:
        optional: true
      yauzl:
        optional: true

  '@univerjs-pro/cli-assets@0.1.0':
    resolution: {integrity: sha512-LWgwulcNkL4lnaosAyPwTssgtih52FCgGfMt7k6QRWz1scRakjNp++3souMaIxbzxXjIPXSJmwwXiNCsWnBMCA==}

  '@univerjs-pro/engine-formula-rust-binding-darwin-arm64@1.0.0-insiders.20260819-8209aa8':
    resolution: {integrity: sha512-VdR/QlBfvXPQ+0BcHYhtZhIAQgEssfSV0v76WvbJbJbUvYQ2y6XXBlfB6PBFr1qwvv8djF1EaCoy9A/FCYCp8A==}
    cpu: [arm64]
    os: [darwin]

  '@univerjs-pro/engine-formula-rust-binding-linux-arm64-gnu@1.0.0-insiders.20260819-8209aa8':
    resolution: {integrity: sha512-hfgkeHmoMUGql8qfTkUFTC447BBxubHUsRmOI1HHcXAjDDXsTufTrq2XJjmQRbgXjJ0IDHAH9zdJGoDDKNJwMA==}
    cpu: [arm64]
    os: [linux]
    libc: [glibc]

  '@univerjs-pro/engine-formula-rust-binding-linux-x64-gnu@1.0.0-insiders.20260819-8209aa8':
    resolution: {integrity: sha512-O4eg3s4JAxj22frK/or7SyIVnSLr7RD0WN+0Q2qb/Id5kcrkGRggN5NYDoq8o+x2cvn1ODC1a0xWRMRlyhNQ4A==}
    cpu: [x64]
    os: [linux]
    libc: [glibc]

  '@univerjs-pro/engine-formula-rust-binding-win32-x64-msvc@1.0.0-insiders.20260819-8209aa8':
    resolution: {integrity: sha512-kvveICZOiFnvBmkKh769e6E912+q82kWC1bdxZL2GtSYUcROY1MKv4ZQ8bwed4WX9d4ei4hYdtPUDxzVjPyGjA==}
    cpu: [x64]
    os: [win32]

  '@univerjs-pro/engine-formula-rust-binding@1.0.0-insiders.20260819-8209aa8':
    resolution: {integrity: sha512-ZYEgg21fgW0XvCjAZgyvzquZk1jZtKXnk5Aa7N0WgV73iLIhwOtfqhsnrG+J8RKh/ps9V2BXnDDHR/9x52W6UA==}

  '@univerjs-pro/exchange-node-binding-darwin-arm64@0.1.0':
    resolution: {integrity: sha512-QoNg/6PyhpwRmOdzmkZpb5EoM1Z/zNOCT3yyFzDyyKLObjD/Q1fvWRnicuhlB7Bi9HK4rKRAKWq3hn7DRY/LGg==}
    cpu: [arm64]
    os: [darwin]

  '@univerjs-pro/exchange-node-binding-linux-arm64-gnu@0.1.0':
    resolution: {integrity: sha512-qcFw4sCb02pyPdvQfM4JTG7/EPHgnerKcu+VWO/O7pxXW8lIoFKC897Bwx6+xYThrjAtLl9ycyEWZaVCKQL4lA==}
    cpu: [arm64]
    os: [linux]
    libc: [glibc]

  '@univerjs-pro/exchange-node-binding-linux-x64-gnu@0.1.0':
    resolution: {integrity: sha512-qGDzRn67tqINU/zZ8luvDq2G1O2gYECZOzN42LtPotCDkFLEcYMweExe+vV4QaJ9tx8tBMQt/fnGTpfH/kzEgw==}
    cpu: [x64]
    os: [linux]
    libc: [glibc]

  '@univerjs-pro/exchange-node-binding-win32-x64-msvc@0.1.0':
    resolution: {integrity: sha512-eO79lZCXEtnFbArmXFKIMxUoKfiDtAhfClG+uZVmvqcg+blj7BD/Rn/WSmyB4CYciXdRcR4QAX0Si0DaMrxfgA==}
    cpu: [x64]
    os: [win32]

  '@univerjs-pro/exchange-node-binding@0.1.0':
    resolution: {integrity: sha512-opsPVyI2WFafWzvFSdRvy2Fz5leMS6edwqc4o8GYqzIRSu36DkpWaydvFRGcXLN+CxhB6EkpHDQaFIRextey8w==}

  ansi-regex@6.3.0:
    resolution: {integrity: sha512-WpDfL7NO6j7tH88IDBNVdUJxDh9nmCteAVW9dsep846XdwF4naCBK+/tGLX3KJgcpgMRXCFlTM2hKGoK9FsdrQ==}
    engines: {node: '>=12'}

  ansi-styles@6.2.3:
    resolution: {integrity: sha512-4Dj6M28JB+oAH8kFkTLUo+a2jwOFkuqb3yucU0CANcRRUbxS0cP0nZYCGjcc3BNXwRIsUVmDGgzawme7zvJHvg==}
    engines: {node: '>=12'}

  chromium-bidi@17.0.2:
    resolution: {integrity: sha512-5v9GQFhTktFvotn/OFNJBmKLKRAb6n9r0bVCwf7sHgWc3/JryK0bj1nn93L3pHFrfgcsu6Be6EWsDi+1XHTGDg==}
    engines: {node: '>=20.19.0 <22.0.0 || >=22.12.0'}
    peerDependencies:
      devtools-protocol: '*'

  cliui@9.0.1:
    resolution: {integrity: sha512-k7ndgKhwoQveBL+/1tqGJYNz097I7WOvwbmmU2AR5+magtbjPWQTS1C5vzGkBC8Ym8UWRzfKUzUUqFLypY4Q+w==}
    engines: {node: '>=20'}

  detect-libc@2.0.2:
    resolution: {integrity: sha512-UX6sGumvvqSaXgdKGUsgZWqcUyIXZ/vZTrlRT/iobiKhGL0zL4d3osHj3uqllWJK+i+sixDS/3COVEOFbupFyw==}
    engines: {node: '>=8'}

  devtools-protocol@0.0.1666840:
    resolution: {integrity: sha512-gCcO42XCHKEs7Ag0S7aGYsnJ7hlgrO3qderYqeiY0Eqk+0GFfuvT13IA0hHreJTa2KCdDVyGMeOhdMNmrrTjVg==}

  dsh-univer-office@0.2.10:
    resolution: {integrity: sha512-drpBS6irjbyUq8MKyr/ya/G1pSLVnVTyExtaeJI0yOsP0NVJkubZyPaPxAAFF2k18s41yEIrYjcl4j/PXjDMsg==}
    engines: {node: '>=22.19.0'}
    peerDependencies:
      '@deepseek-ai/cordis': ^4.0.1
      '@deepseek-ai/dsh-attachment': 0.1.0-rc.8
      '@deepseek-ai/dsh-host-webserver': 0.1.0-rc.8
      '@deepseek-ai/dsh-llm': 0.1.0-rc.8
      '@deepseek-ai/dsh-session': 0.1.0-rc.8
      '@deepseek-ai/dsh-skill': 0.1.0-rc.8
      '@deepseek-ai/dsh-tools': 0.1.0-rc.8
      '@deepseek-ai/schemastery': ^3.18.1

  emoji-regex@10.6.0:
    resolution: {integrity: sha512-toUI84YS5YmxW219erniWD0CIVOo46xGKColeNQRgOzDorgBi1v4D71/OFzgD9GO2UGKIv1C3Sp8DAn0+j5w7A==}

  escalade@3.2.0:
    resolution: {integrity: sha512-WUj2qlxaQtO4g6Pq5c29GTcWGDyd8itL8zTlipgECz3JesAiiOKotd8JU6otB3PACgG6xkJUyVhboMS+bje/jA==}
    engines: {node: '>=6'}

  get-caller-file@2.0.5:
    resolution: {integrity: sha512-DyFP3BM/3YHTQOCUL/w0OZHR0lpKeGrxotcHWcqNEdnltqFwXVfhEBQ94eIo34AfQpo0rGki4cyIiftY06h2Fg==}
    engines: {node: 6.* || 8.* || >= 10.*}

  get-east-asian-width@1.6.0:
    resolution: {integrity: sha512-QRbvDIbx6YklUe6RxeTeleMR0yv3cYH6PsPZHcnVn7xv7zO1BHN8r0XETu8n6Ye3Q+ahtSarc3WgtNWmehIBfA==}
    engines: {node: '>=18'}

  libsql@0.5.29:
    resolution: {integrity: sha512-8lMP8iMgiBzzoNbAPQ59qdVcj6UaE/Vnm+fiwX4doX4Narook0a4GPKWBEv+CR8a1OwbfkgL18uBfBjWdF0Fzg==}
    cpu: [x64, arm64, wasm32, arm]
    os: [darwin, linux, win32]

  mitt@3.0.1:
    resolution: {integrity: sha512-vKivATfr97l2/QBCYAkXYDbrIWPM2IIKEl7YPhjCvKlG3kE2gm+uBo6nEXK3M5/Ffh/FLpKExzOQ3JJoJGFKBw==}

  modern-tar@0.8.4:
    resolution: {integrity: sha512-gN54ddmyzEg10orwZ2u4OOv+bjpMWdIl5jIkodK97bMq8QBSL5c0D7YX0lT1Ooz+99S7+PvFbnxzdjgHo1r41g==}
    engines: {node: '>=18.0.0'}

  puppeteer-core@25.10.0:
    resolution: {integrity: sha512-Hy5eMQshOEMil4JUUx03h5pw1HYkYCso1RG/gcpPlFSd4cYPOcopxcXEAxpLPOkOPJb9LIJtwxuj66bSdvknFg==}
    engines: {node: '>=22.12.0'}

  string-width@7.2.0:
    resolution: {integrity: sha512-tsaTIkKW9b4N+AEj+SVA+WhJzV7/zMhcSu78mLKWSk7cXMOSHsBKFWUs0fWwq8QyK3MgJBQRX6Gbi4kYbdvGkQ==}
    engines: {node: '>=18'}

  string-width@8.2.2:
    resolution: {integrity: sha512-GaPUh5gfdrYzqeVNZvUfT23vYYxXzKYidUcnMtJg/3rxRV63EFZy3k6xfKlmfeJD0176lnUV/Usr3XcwSvFzpg==}
    engines: {node: '>=20'}

  strip-ansi@7.2.0:
    resolution: {integrity: sha512-yDPMNjp4WyfYBkHnjIRLfca1i6KMyGCtsVgoKe/z1+6vukgaENdgGBZt+ZmKPc4gavvEZ5OgHfHdrazhgNyG7w==}
    engines: {node: '>=12'}

  typed-query-selector@2.12.2:
    resolution: {integrity: sha512-EOPFbyIub4ngnEdqi2yOcNeDLaX/0jcE1JoAXQDDMIthap7FoN795lc/SHfIq2d416VufXpM8z/lD+WRm2gfOQ==}

  webdriver-bidi-protocol@0.4.3:
    resolution: {integrity: sha512-uuN0goWfxP22B7J/uAgBpOYNPttC+XVseYE+rSY5+rQ+YBeVz/VORw8WbmLVcqW78zNg5A4qnjNXYUWR3il2ig==}

  wrap-ansi@9.0.2:
    resolution: {integrity: sha512-42AtmgqjV+X1VpdOfyTGOYRi0/zsoLqtXQckTmqTeybT+BDIbM/Guxo7x3pE2vtpr1ok6xRqM9OpBe+Jyoqyww==}
    engines: {node: '>=18'}

  ws@8.21.3:
    resolution: {integrity: sha512-201TZ/kPWxoPr/OKWjquZR1SWKXcvxdH+e1xrx89b3YbmzLMFCLfnaG1HFIgWzJOEWZ7MvpK++odZufgYR50Rw==}
    engines: {node: '>=10.0.0'}
    peerDependencies:
      bufferutil: ^4.0.1
      utf-8-validate: '>=5.0.2'
    peerDependenciesMeta:
      bufferutil:
        optional: true
      utf-8-validate:
        optional: true

  y18n@5.0.8:
    resolution: {integrity: sha512-0pfFzegeDWJHJIAmTLRP2DwHjdF5s7jo9tuztdQxAhINCdvS+3nGINqPd00AphqJR/0LhANUS6/+7SCb98YOfA==}
    engines: {node: '>=10'}

  yargs-parser@22.0.0:
    resolution: {integrity: sha512-rwu/ClNdSMpkSrUb+d6BRsSkLUq1fmfsY6TOpYzTwvwkg1/NRG85KBy3kq++A8LKQwX6lsu+aWad+2khvuXrqw==}
    engines: {node: ^20.19.0 || ^22.12.0 || >=23}

  yargs@18.1.0:
    resolution: {integrity: sha512-2rAgRKu54VsHkqI0/tYkmluGXHD4KW7yZoycuqDQ15QOTnc2VVfy0nN/1eMhnQLO00A+dwtK20xuCnc1YGeUyg==}
    engines: {node: ^20.19.0 || ^22.12.0 || >=23}

  zod@3.25.76:
    resolution: {integrity: sha512-gzUt/qt81nXsFGKIFcC3YnfEAx5NkunCfnDlvuBSSFS02bcXu4Lmea0AFIUwbLWxWPx3d9p8S5QoaujKcNQxcQ==}

snapshots:

  '@libsql/darwin-arm64@0.5.29':
    optional: true

  '@libsql/darwin-x64@0.5.29':
    optional: true

  '@libsql/linux-arm-gnueabihf@0.5.29':
    optional: true

  '@libsql/linux-arm-musleabihf@0.5.29':
    optional: true

  '@libsql/linux-arm64-gnu@0.5.29':
    optional: true

  '@libsql/linux-arm64-musl@0.5.29':
    optional: true

  '@libsql/linux-x64-gnu@0.5.29':
    optional: true

  '@libsql/linux-x64-musl@0.5.29':
    optional: true

  '@libsql/win32-x64-msvc@0.5.29':
    optional: true

  '@neon-rs/load@0.0.4': {}

  '@puppeteer/browsers@3.2.2':
    dependencies:
      modern-tar: 0.8.4
      yargs: 18.1.0

  '@univerjs-pro/cli-assets@0.1.0': {}

  '@univerjs-pro/engine-formula-rust-binding-darwin-arm64@1.0.0-insiders.20260819-8209aa8':
    optional: true

  '@univerjs-pro/engine-formula-rust-binding-linux-arm64-gnu@1.0.0-insiders.20260819-8209aa8':
    optional: true

  '@univerjs-pro/engine-formula-rust-binding-linux-x64-gnu@1.0.0-insiders.20260819-8209aa8':
    optional: true

  '@univerjs-pro/engine-formula-rust-binding-win32-x64-msvc@1.0.0-insiders.20260819-8209aa8':
    optional: true

  '@univerjs-pro/engine-formula-rust-binding@1.0.0-insiders.20260819-8209aa8':
    optionalDependencies:
      '@univerjs-pro/engine-formula-rust-binding-darwin-arm64': 1.0.0-insiders.20260819-8209aa8
      '@univerjs-pro/engine-formula-rust-binding-linux-arm64-gnu': 1.0.0-insiders.20260819-8209aa8
      '@univerjs-pro/engine-formula-rust-binding-linux-x64-gnu': 1.0.0-insiders.20260819-8209aa8
      '@univerjs-pro/engine-formula-rust-binding-win32-x64-msvc': 1.0.0-insiders.20260819-8209aa8

  '@univerjs-pro/exchange-node-binding-darwin-arm64@0.1.0':
    optional: true

  '@univerjs-pro/exchange-node-binding-linux-arm64-gnu@0.1.0':
    optional: true

  '@univerjs-pro/exchange-node-binding-linux-x64-gnu@0.1.0':
    optional: true

  '@univerjs-pro/exchange-node-binding-win32-x64-msvc@0.1.0':
    optional: true

  '@univerjs-pro/exchange-node-binding@0.1.0':
    optionalDependencies:
      '@univerjs-pro/exchange-node-binding-darwin-arm64': 0.1.0
      '@univerjs-pro/exchange-node-binding-linux-arm64-gnu': 0.1.0
      '@univerjs-pro/exchange-node-binding-linux-x64-gnu': 0.1.0
      '@univerjs-pro/exchange-node-binding-win32-x64-msvc': 0.1.0

  ansi-regex@6.3.0: {}

  ansi-styles@6.2.3: {}

  chromium-bidi@17.0.2(devtools-protocol@0.0.1666840):
    dependencies:
      devtools-protocol: 0.0.1666840
      mitt: 3.0.1
      zod: 3.25.76

  cliui@9.0.1:
    dependencies:
      string-width: 7.2.0
      strip-ansi: 7.2.0
      wrap-ansi: 9.0.2

  detect-libc@2.0.2: {}

  devtools-protocol@0.0.1666840: {}

  dsh-univer-office@0.2.10:
    dependencies:
      '@puppeteer/browsers': 3.2.2
      '@univerjs-pro/cli-assets': 0.1.0
      '@univerjs-pro/engine-formula-rust-binding': 1.0.0-insiders.20260819-8209aa8
      '@univerjs-pro/exchange-node-binding': 0.1.0
      libsql: 0.5.29
      puppeteer-core: 25.10.0
    transitivePeerDependencies:
      - bufferutil
      - proxy-agent
      - utf-8-validate
      - yauzl

  emoji-regex@10.6.0: {}

  escalade@3.2.0: {}

  get-caller-file@2.0.5: {}

  get-east-asian-width@1.6.0: {}

  libsql@0.5.29:
    dependencies:
      '@neon-rs/load': 0.0.4
      detect-libc: 2.0.2
    optionalDependencies:
      '@libsql/darwin-arm64': 0.5.29
      '@libsql/darwin-x64': 0.5.29
      '@libsql/linux-arm-gnueabihf': 0.5.29
      '@libsql/linux-arm-musleabihf': 0.5.29
      '@libsql/linux-arm64-gnu': 0.5.29
      '@libsql/linux-arm64-musl': 0.5.29
      '@libsql/linux-x64-gnu': 0.5.29
      '@libsql/linux-x64-musl': 0.5.29
      '@libsql/win32-x64-msvc': 0.5.29

  mitt@3.0.1: {}

  modern-tar@0.8.4: {}

  puppeteer-core@25.10.0:
    dependencies:
      '@puppeteer/browsers': 3.2.2
      chromium-bidi: 17.0.2(devtools-protocol@0.0.1666840)
      devtools-protocol: 0.0.1666840
      typed-query-selector: 2.12.2
      webdriver-bidi-protocol: 0.4.3
      ws: 8.21.3
    transitivePeerDependencies:
      - bufferutil
      - proxy-agent
      - utf-8-validate
      - yauzl

  string-width@7.2.0:
    dependencies:
      emoji-regex: 10.6.0
      get-east-asian-width: 1.6.0
      strip-ansi: 7.2.0

  string-width@8.2.2:
    dependencies:
      get-east-asian-width: 1.6.0
      strip-ansi: 7.2.0

  strip-ansi@7.2.0:
    dependencies:
      ansi-regex: 6.3.0

  typed-query-selector@2.12.2: {}

  webdriver-bidi-protocol@0.4.3: {}

  wrap-ansi@9.0.2:
    dependencies:
      ansi-styles: 6.2.3
      string-width: 7.2.0
      strip-ansi: 7.2.0

  ws@8.21.3: {}

  y18n@5.0.8: {}

  yargs-parser@22.0.0: {}

  yargs@18.1.0:
    dependencies:
      cliui: 9.0.1
      escalade: 3.2.0
      get-caller-file: 2.0.5
      string-width: 8.2.2
      y18n: 5.0.8
      yargs-parser: 22.0.0

  zod@3.25.76: {}
